
Microsoft Visual Studio Solution File, Format Version 12.00
# Visual Studio Version 17
VisualStudioVersion = 17.2.32616.157
MinimumVisualStudioVersion = 10.0.40219.1
Project("{9A19103F-16F7-4668-BE54-9A1E7A4F7556}") = "EntitiesLayer", "Entities\EntitiesLayer.csproj", "{4AF75238-0521-41FF-912E-2325009E8857}"
EndProject
Project("{9A19103F-16F7-4668-BE54-9A1E7A4F7556}") = "BusinessLayer", "Business\BusinessLayer.csproj", "{E81530AE-48D5-40FD-8F28-F56FAB9543CD}"
EndProject
Project("{9A19103F-16F7-4668-BE54-9A1E7A4F7556}") = "DataAccessLayer", "DataAccess\DataAccessLayer.csproj", "{52BBDAE1-7DFA-48A4-A45F-9DEE70578897}"
EndProject
Project("{FAE04EC0-301F-11D3-BF4B-00C04F79EFBC}") = "API", "WebAPI\API.csproj", "{688BA7EA-D913-4590-BC83-0AE68FE121E4}"
EndProject
Project("{FAE04EC0-301F-11D3-BF4B-00C04F79EFBC}") = "CoreLayer", "Core\CoreLayer.csproj", "{A2BA0BF5-8298-4E6C-B6E4-E6059ECB478A}"
EndProject
Global
	GlobalSection(SolutionConfigurationPlatforms) = preSolution
		Debug|Any CPU = Debug|Any CPU
		Release|Any CPU = Release|Any CPU
	EndGlobalSection
	GlobalSection(ProjectConfigurationPlatforms) = postSolution
		{4AF75238-0521-41FF-912E-2325009E8857}.Debug|Any CPU.ActiveCfg = Debug|Any CPU
		{4AF75238-0521-41FF-912E-2325009E8857}.Debug|Any CPU.Build.0 = Debug|Any CPU
		{4AF75238-0521-41FF-912E-2325009E8857}.Release|Any CPU.ActiveCfg = Release|Any CPU
		{4AF75238-0521-41FF-912E-2325009E8857}.Release|Any CPU.Build.0 = Release|Any CPU
		{E81530AE-48D5-40FD-8F28-F56FAB9543CD}.Debug|Any CPU.ActiveCfg = Debug|Any CPU
		{E81530AE-48D5-40FD-8F28-F56FAB9543CD}.Debug|Any CPU.Build.0 = Debug|Any CPU
		{E81530AE-48D5-40FD-8F28-F56FAB9543CD}.Release|Any CPU.ActiveCfg = Release|Any CPU
		{E81530AE-48D5-40FD-8F28-F56FAB9543CD}.Release|Any CPU.Build.0 = Release|Any CPU
		{52BBDAE1-7DFA-48A4-A45F-9DEE70578897}.Debug|Any CPU.ActiveCfg = Debug|Any CPU
		{52BBDAE1-7DFA-48A4-A45F-9DEE70578897}.Debug|Any CPU.Build.0 = Debug|Any CPU
		{52BBDAE1-7DFA-48A4-A45F-9DEE70578897}.Release|Any CPU.ActiveCfg = Release|Any CPU
		{52BBDAE1-7DFA-48A4-A45F-9DEE70578897}.Release|Any CPU.Build.0 = Release|Any CPU
		{688BA7EA-D913-4590-BC83-0AE68FE121E4}.Debug|Any CPU.ActiveCfg = Debug|Any CPU
		{688BA7EA-D913-4590-BC83-0AE68FE121E4}.Debug|Any CPU.Build.0 = Debug|Any CPU
		{688BA7EA-D913-4590-BC83-0AE68FE121E4}.Release|Any CPU.ActiveCfg = Release|Any CPU
		{688BA7EA-D913-4590-BC83-0AE68FE121E4}.Release|Any CPU.Build.0 = Release|Any CPU
		{A2BA0BF5-8298-4E6C-B6E4-E6059ECB478A}.Debug|Any CPU.ActiveCfg = Debug|Any CPU
		{A2BA0BF5-8298-4E6C-B6E4-E6059ECB478A}.Debug|Any CPU.Build.0 = Debug|Any CPU
		{A2BA0BF5-8298-4E6C-B6E4-E6059ECB478A}.Release|Any CPU.ActiveCfg = Release|Any CPU
		{A2BA0BF5-8298-4E6C-B6E4-E6059ECB478A}.Release|Any CPU.Build.0 = Release|Any CPU
	EndGlobalSection
	GlobalSection(SolutionProperties) = preSolution
		HideSolutionNode = FALSE
	EndGlobalSection
	GlobalSection(ExtensibilityGlobals) = postSolution
		SolutionGuid = {FE1F8B91-AFC2-408A-9428-B50DD7473D19}
	EndGlobalSection
EndGlobal
